PODS:
  - Crashlytics (3.8.2):
    - Fabric (~> 1.6.3)
  - Fabric (1.6.9)
  - Font-Awesome-Swift (1.5.2)
  - Instabug (5.3.2)
  - Material (2.1.0)

DEPENDENCIES:
  - Crashlytics
  - Fabric
  - Font-Awesome-Swift
  - Instabug
  - Material (~> 2.0)

SPEC CHECKSUMS:
  Crashlytics: 27acca95a01b042a8294291dd6dff27f8f6af6d7
  Fabric: bc5bec42cef4bcf1ee3ce0e218fc518e4b44dfbb
  Font-Awesome-Swift: 91eda62fa4d145ae0e4ee4d4664b656ac6a32141
  Instabug: 035bf24475ffac1bcb81f8c542774487bc72f528
  Material: c5c334bd7fa8c0307cb35be143b7c51c5e2c52a7

PODFILE CHECKSUM: be4fa6da80b58b0e1c60d3829bd9e1cbd1a60009

COCOAPODS: 1.0.1
