// !$*UTF8*$!
{
	archiveVersion = 1;
	classes = {
	};
	objectVersion = 46;
	objects = {

/* Begin PBXBuildFile section */
		42686BAFF2D2A19948E603CC /* Pods_HabitMinder.framework in Frameworks */ = {isa = PBXBuildFile; fileRef = FC96FE857F3955E94D6AC78E /* Pods_HabitMinder.framework */; settings = {ATTRIBUTES = (Weak, ); }; };
		7E0230D91DA195470011B710 /* Assets.xcassets in Resources */ = {isa = PBXBuildFile; fileRef = 7E0230D81DA195470011B710 /* Assets.xcassets */; };
		7E26EC141D7DFE3E006BE5C6 /* HabitData.swift in Sources */ = {isa = PBXBuildFile; fileRef = 7E26EC131D7DFE3E006BE5C6 /* HabitData.swift */; };
		7E4C6BD01D7E34C4003B0E44 /* Habit.swift in Sources */ = {isa = PBXBuildFile; fileRef = 7E4C6BCF1D7E34C4003B0E44 /* Habit.swift */; };
		7E4C6BD31D7E47D7003B0E44 /* HabitTableViewCell.swift in Sources */ = {isa = PBXBuildFile; fileRef = 7E4C6BD11D7E47D7003B0E44 /* HabitTableViewCell.swift */; };
		7E4D09FD1DA95991006D1B8A /* Font_Awesome_Swift.framework in Frameworks */ = {isa = PBXBuildFile; fileRef = 7E4D09F61DA95252006D1B8A /* Font_Awesome_Swift.framework */; settings = {ATTRIBUTES = (Weak, ); }; };
		7E4D0A041DA9B691006D1B8A /* Material.framework in Frameworks */ = {isa = PBXBuildFile; fileRef = 7E4D09FB1DA95629006D1B8A /* Material.framework */; };
		7E6AED1C1D84E89600821C69 /* HabitOperatorViewController.swift in Sources */ = {isa = PBXBuildFile; fileRef = 7E6AED1B1D84E89600821C69 /* HabitOperatorViewController.swift */; };
		7E6AED1E1D85F44100821C69 /* StringFixer.swift in Sources */ = {isa = PBXBuildFile; fileRef = 7E6AED1D1D85F44100821C69 /* StringFixer.swift */; };
		7E6AED221D85FCDB00821C69 /* AddOperatorViewController.swift in Sources */ = {isa = PBXBuildFile; fileRef = 7E6AED211D85FCDB00821C69 /* AddOperatorViewController.swift */; };
		7E6AED271D8B9F0300821C69 /* Fonter.swift in Sources */ = {isa = PBXBuildFile; fileRef = 7E6AED261D8B9F0300821C69 /* Fonter.swift */; };
		7EA8A97B1D8F171E000D6B64 /* OperatorData.swift in Sources */ = {isa = PBXBuildFile; fileRef = 7EA8A97A1D8F171E000D6B64 /* OperatorData.swift */; };
		7EA8A9841D90D79F000D6B64 /* App Icon [Squared] in Resources */ = {isa = PBXBuildFile; fileRef = 7EA8A9831D90D79F000D6B64 /* App Icon [Squared] */; };
		7EA8A9881D9972EC000D6B64 /* scorekeeper_white.png in Resources */ = {isa = PBXBuildFile; fileRef = 7EA8A9871D9972EC000D6B64 /* scorekeeper_white.png */; };
		7EA8A98A1D997907000D6B64 /* ScoresTableViewController.swift in Sources */ = {isa = PBXBuildFile; fileRef = 7EA8A9891D997907000D6B64 /* ScoresTableViewController.swift */; };
		7ECCE7E31D6BA46300BA1164 /* AppDelegate.swift in Sources */ = {isa = PBXBuildFile; fileRef = 7ECCE7E21D6BA46300BA1164 /* AppDelegate.swift */; };
		7ECCE7E51D6BA46300BA1164 /* MasterViewController.swift in Sources */ = {isa = PBXBuildFile; fileRef = 7ECCE7E41D6BA46300BA1164 /* MasterViewController.swift */; };
		7ECCE7E71D6BA46300BA1164 /* DetailViewController.swift in Sources */ = {isa = PBXBuildFile; fileRef = 7ECCE7E61D6BA46300BA1164 /* DetailViewController.swift */; };
		7ECCE7EA1D6BA46300BA1164 /* Main.storyboard in Resources */ = {isa = PBXBuildFile; fileRef = 7ECCE7E81D6BA46300BA1164 /* Main.storyboard */; };
		7ECCE7EF1D6BA46300BA1164 /* LaunchScreen.storyboard in Resources */ = {isa = PBXBuildFile; fileRef = 7ECCE7ED1D6BA46300BA1164 /* LaunchScreen.storyboard */; };
		7ECCE7FA1D6BA46300BA1164 /* DisciplineTests.swift in Sources */ = {isa = PBXBuildFile; fileRef = 7ECCE7F91D6BA46300BA1164 /* DisciplineTests.swift */; };
		7ECCE8051D6BA46300BA1164 /* DisciplineUITests.swift in Sources */ = {isa = PBXBuildFile; fileRef = 7ECCE8041D6BA46300BA1164 /* DisciplineUITests.swift */; };
		7ECCE8141D73506900BA1164 /* AddItemViewController.swift in Sources */ = {isa = PBXBuildFile; fileRef = 7ECCE8131D73506900BA1164 /* AddItemViewController.swift */; };
		7ECCE8161D735A8700BA1164 /* constants.swift in Sources */ = {isa = PBXBuildFile; fileRef = 7ECCE8151D735A8700BA1164 /* constants.swift */; };
		7ECCE8191D73EA0300BA1164 /* SPLRawJsonRetriever.swift in Sources */ = {isa = PBXBuildFile; fileRef = 7ECCE8181D73EA0300BA1164 /* SPLRawJsonRetriever.swift */; };
		7FA35367C7796720613AC05E /* Pods_HabitMinderUITests.framework in Frameworks */ = {isa = PBXBuildFile; fileRef = 78990B5849DE4E8625BF3A00 /* Pods_HabitMinderUITests.framework */; };
		DE7D7CD8A443B577DC186190 /* Pods_HabitMinderTests.framework in Frameworks */ = {isa = PBXBuildFile; fileRef = DA4AB6B0DDB8A62D918684ED /* Pods_HabitMinderTests.framework */; };
/* End PBXBuildFile section */

/* Begin PBXContainerItemProxy section */
		7ECCE7F61D6BA46300BA1164 /* PBXContainerItemProxy */ = {
			isa = PBXContainerItemProxy;
			containerPortal = 7ECCE7D71D6BA46300BA1164 /* Project object */;
			proxyType = 1;
			remoteGlobalIDString = 7ECCE7DE1D6BA46300BA1164;
			remoteInfo = Discipline;
		};
		7ECCE8011D6BA46300BA1164 /* PBXContainerItemProxy */ = {
			isa = PBXContainerItemProxy;
			containerPortal = 7ECCE7D71D6BA46300BA1164 /* Project object */;
			proxyType = 1;
			remoteGlobalIDString = 7ECCE7DE1D6BA46300BA1164;
			remoteInfo = Discipline;
		};
/* End PBXContainerItemProxy section */

/* Begin PBXFileReference section */
		19041F5784E59963920B78B1 /* Pods-HabitMinder.release.xcconfig */ = {isa = PBXFileReference; includeInIndex = 1; lastKnownFileType = text.xcconfig; name = "Pods-HabitMinder.release.xcconfig"; path = "Pods/Target Support Files/Pods-HabitMinder/Pods-HabitMinder.release.xcconfig"; sourceTree = "<group>"; };
		1CDF4F69C3E79C9E7B77AD64 /* Pods-HabitMinder.debug.xcconfig */ = {isa = PBXFileReference; includeInIndex = 1; lastKnownFileType = text.xcconfig; name = "Pods-HabitMinder.debug.xcconfig"; path = "Pods/Target Support Files/Pods-HabitMinder/Pods-HabitMinder.debug.xcconfig"; sourceTree = "<group>"; };
		62E238D08BE960BA723545C4 /* Pods-HabitMinderTests.debug.xcconfig */ = {isa = PBXFileReference; includeInIndex = 1; lastKnownFileType = text.xcconfig; name = "Pods-HabitMinderTests.debug.xcconfig"; path = "Pods/Target Support Files/Pods-HabitMinderTests/Pods-HabitMinderTests.debug.xcconfig"; sourceTree = "<group>"; };
		78990B5849DE4E8625BF3A00 /* Pods_HabitMinderUITests.framework */ = {isa = PBXFileReference; explicitFileType = wrapper.framework; includeInIndex = 0; path = Pods_HabitMinderUITests.framework; sourceTree = BUILT_PRODUCTS_DIR; };
		7E0230D81DA195470011B710 /* Assets.xcassets */ = {isa = PBXFileReference; lastKnownFileType = folder.assetcatalog; path = Assets.xcassets; sourceTree = "<group>"; };
		7E26EC131D7DFE3E006BE5C6 /* HabitData.swift */ = {isa = PBXFileReference; fileEncoding = 4; lastKnownFileType = sourcecode.swift; path = HabitData.swift; sourceTree = "<group>"; };
		7E4C6BCF1D7E34C4003B0E44 /* Habit.swift */ = {isa = PBXFileReference; fileEncoding = 4; lastKnownFileType = sourcecode.swift; path = Habit.swift; sourceTree = "<group>"; };
		7E4C6BD11D7E47D7003B0E44 /* HabitTableViewCell.swift */ = {isa = PBXFileReference; fileEncoding = 4; lastKnownFileType = sourcecode.swift; path = HabitTableViewCell.swift; sourceTree = "<group>"; };
		7E4D09F61DA95252006D1B8A /* Font_Awesome_Swift.framework */ = {isa = PBXFileReference; lastKnownFileType = wrapper.framework; name = Font_Awesome_Swift.framework; path = "../../../../Users/shannonlayden/Library/Developer/Xcode/DerivedData/HabitMinder-alaosdhsposkyebdtabyucjhyrug/Build/Products/Debug-iphonesimulator/Font-Awesome-Swift/Font_Awesome_Swift.framework"; sourceTree = "<group>"; };
		7E4D09FB1DA95629006D1B8A /* Material.framework */ = {isa = PBXFileReference; lastKnownFileType = wrapper.framework; name = Material.framework; path = "../../../../Users/shannonlayden/Library/Developer/Xcode/DerivedData/HabitMinder-alaosdhsposkyebdtabyucjhyrug/Build/Products/Debug-iphonesimulator/Material/Material.framework"; sourceTree = "<group>"; };
		7E6AED1B1D84E89600821C69 /* HabitOperatorViewController.swift */ = {isa = PBXFileReference; fileEncoding = 4; lastKnownFileType = sourcecode.swift; path = HabitOperatorViewController.swift; sourceTree = "<group>"; };
		7E6AED1D1D85F44100821C69 /* StringFixer.swift */ = {isa = PBXFileReference; fileEncoding = 4; lastKnownFileType = sourcecode.swift; path = StringFixer.swift; sourceTree = "<group>"; };
		7E6AED211D85FCDB00821C69 /* AddOperatorViewController.swift */ = {isa = PBXFileReference; fileEncoding = 4; lastKnownFileType = sourcecode.swift; path = AddOperatorViewController.swift; sourceTree = "<group>"; };
		7E6AED261D8B9F0300821C69 /* Fonter.swift */ = {isa = PBXFileReference; fileEncoding = 4; lastKnownFileType = sourcecode.swift; path = Fonter.swift; sourceTree = "<group>"; };
		7EA8A97A1D8F171E000D6B64 /* OperatorData.swift */ = {isa = PBXFileReference; fileEncoding = 4; lastKnownFileType = sourcecode.swift; path = OperatorData.swift; sourceTree = "<group>"; };
		7EA8A9831D90D79F000D6B64 /* App Icon [Squared] */ = {isa = PBXFileReference; lastKnownFileType = folder; name = "App Icon [Squared]"; path = "Assets.xcassets/App Icon [Squared]"; sourceTree = "<group>"; };
		7EA8A9871D9972EC000D6B64 /* scorekeeper_white.png */ = {isa = PBXFileReference; lastKnownFileType = image.png; path = scorekeeper_white.png; sourceTree = "<group>"; };
		7EA8A9891D997907000D6B64 /* ScoresTableViewController.swift */ = {isa = PBXFileReference; fileEncoding = 4; lastKnownFileType = sourcecode.swift; path = ScoresTableViewController.swift; sourceTree = "<group>"; };
		7ECCE7DF1D6BA46300BA1164 /* HabitMinder.app */ = {isa = PBXFileReference; explicitFileType = wrapper.application; includeInIndex = 0; path = HabitMinder.app; sourceTree = BUILT_PRODUCTS_DIR; };
		7ECCE7E21D6BA46300BA1164 /* AppDelegate.swift */ = {isa = PBXFileReference; lastKnownFileType = sourcecode.swift; path = AppDelegate.swift; sourceTree = "<group>"; };
		7ECCE7E41D6BA46300BA1164 /* MasterViewController.swift */ = {isa = PBXFileReference; lastKnownFileType = sourcecode.swift; path = MasterViewController.swift; sourceTree = "<group>"; };
		7ECCE7E61D6BA46300BA1164 /* DetailViewController.swift */ = {isa = PBXFileReference; lastKnownFileType = sourcecode.swift; path = DetailViewController.swift; sourceTree = "<group>"; };
		7ECCE7E91D6BA46300BA1164 /* Base */ = {isa = PBXFileReference; lastKnownFileType = file.storyboard; name = Base; path = Base.lproj/Main.storyboard; sourceTree = "<group>"; };
		7ECCE7EE1D6BA46300BA1164 /* Base */ = {isa = PBXFileReference; lastKnownFileType = file.storyboard; name = Base; path = Base.lproj/LaunchScreen.storyboard; sourceTree = "<group>"; };
		7ECCE7F01D6BA46300BA1164 /* Info.plist */ = {isa = PBXFileReference; lastKnownFileType = text.plist.xml; path = Info.plist; sourceTree = "<group>"; };
		7ECCE7F51D6BA46300BA1164 /* HabitMinder.xctest */ = {isa = PBXFileReference; explicitFileType = wrapper.cfbundle; includeInIndex = 0; path = HabitMinder.xctest; sourceTree = BUILT_PRODUCTS_DIR; };
		7ECCE7F91D6BA46300BA1164 /* DisciplineTests.swift */ = {isa = PBXFileReference; lastKnownFileType = sourcecode.swift; path = DisciplineTests.swift; sourceTree = "<group>"; };
		7ECCE7FB1D6BA46300BA1164 /* Info.plist */ = {isa = PBXFileReference; lastKnownFileType = text.plist.xml; path = Info.plist; sourceTree = "<group>"; };
		7ECCE8001D6BA46300BA1164 /* HabitMinder.xctest */ = {isa = PBXFileReference; explicitFileType = wrapper.cfbundle; includeInIndex = 0; path = HabitMinder.xctest; sourceTree = BUILT_PRODUCTS_DIR; };
		7ECCE8041D6BA46300BA1164 /* DisciplineUITests.swift */ = {isa = PBXFileReference; lastKnownFileType = sourcecode.swift; path = DisciplineUITests.swift; sourceTree = "<group>"; };
		7ECCE8061D6BA46300BA1164 /* Info.plist */ = {isa = PBXFileReference; lastKnownFileType = text.plist.xml; path = Info.plist; sourceTree = "<group>"; };
		7ECCE8121D73481700BA1164 /* Notes.txt */ = {isa = PBXFileReference; lastKnownFileType = text; path = Notes.txt; sourceTree = "<group>"; };
		7ECCE8131D73506900BA1164 /* AddItemViewController.swift */ = {isa = PBXFileReference; fileEncoding = 4; lastKnownFileType = sourcecode.swift; path = AddItemViewController.swift; sourceTree = "<group>"; };
		7ECCE8151D735A8700BA1164 /* constants.swift */ = {isa = PBXFileReference; fileEncoding = 4; lastKnownFileType = sourcecode.swift; path = constants.swift; sourceTree = "<group>"; };
		7ECCE8181D73EA0300BA1164 /* SPLRawJsonRetriever.swift */ = {isa = PBXFileReference; fileEncoding = 4; lastKnownFileType = sourcecode.swift; path = SPLRawJsonRetriever.swift; sourceTree = "<group>"; };
		B2FB58ED2B41D84626A64E09 /* Pods-HabitMinderUITests.debug.xcconfig */ = {isa = PBXFileReference; includeInIndex = 1; lastKnownFileType = text.xcconfig; name = "Pods-HabitMinderUITests.debug.xcconfig"; path = "Pods/Target Support Files/Pods-HabitMinderUITests/Pods-HabitMinderUITests.debug.xcconfig"; sourceTree = "<group>"; };
		CDFE49C83E0BB48D71488A6B /* Pods-HabitMinderTests.release.xcconfig */ = {isa = PBXFileReference; includeInIndex = 1; lastKnownFileType = text.xcconfig; name = "Pods-HabitMinderTests.release.xcconfig"; path = "Pods/Target Support Files/Pods-HabitMinderTests/Pods-HabitMinderTests.release.xcconfig"; sourceTree = "<group>"; };
		DA4AB6B0DDB8A62D918684ED /* Pods_HabitMinderTests.framework */ = {isa = PBXFileReference; explicitFileType = wrapper.framework; includeInIndex = 0; path = Pods_HabitMinderTests.framework; sourceTree = BUILT_PRODUCTS_DIR; };
		E174AD8607418E15A2F3752A /* Pods-HabitMinderUITests.release.xcconfig */ = {isa = PBXFileReference; includeInIndex = 1; lastKnownFileType = text.xcconfig; name = "Pods-HabitMinderUITests.release.xcconfig"; path = "Pods/Target Support Files/Pods-HabitMinderUITests/Pods-HabitMinderUITests.release.xcconfig"; sourceTree = "<group>"; };
		FC96FE857F3955E94D6AC78E /* Pods_HabitMinder.framework */ = {isa = PBXFileReference; explicitFileType = wrapper.framework; includeInIndex = 0; path = Pods_HabitMinder.framework; sourceTree = BUILT_PRODUCTS_DIR; };
/* End PBXFileReference section */

/* Begin PBXFrameworksBuildPhase section */
		7ECCE7DC1D6BA46300BA1164 /* Frameworks */ = {
			isa = PBXFrameworksBuildPhase;
			buildActionMask = 2147483647;
			files = (
				7E4D0A041DA9B691006D1B8A /* Material.framework in Frameworks */,
				7E4D09FD1DA95991006D1B8A /* Font_Awesome_Swift.framework in Frameworks */,
				42686BAFF2D2A19948E603CC /* Pods_HabitMinder.framework in Frameworks */,
			);
			runOnlyForDeploymentPostprocessing = 0;
		};
		7ECCE7F21D6BA46300BA1164 /* Frameworks */ = {
			isa = PBXFrameworksBuildPhase;
			buildActionMask = 2147483647;
			files = (
				DE7D7CD8A443B577DC186190 /* Pods_HabitMinderTests.framework in Frameworks */,
			);
			runOnlyForDeploymentPostprocessing = 0;
		};
		7ECCE7FD1D6BA46300BA1164 /* Frameworks */ = {
			isa = PBXFrameworksBuildPhase;
			buildActionMask = 2147483647;
			files = (
				7FA35367C7796720613AC05E /* Pods_HabitMinderUITests.framework in Frameworks */,
			);
			runOnlyForDeploymentPostprocessing = 0;
		};
/* End PBXFrameworksBuildPhase section */

/* Begin PBXGroup section */
		7E6AED231D863CEA00821C69 /* Operator */ = {
			isa = PBXGroup;
			children = (
				7E6AED1B1D84E89600821C69 /* HabitOperatorViewController.swift */,
				7E6AED211D85FCDB00821C69 /* AddOperatorViewController.swift */,
			);
			name = Operator;
			sourceTree = "<group>";
		};
		7EA8A9851D942852000D6B64 /* App */ = {
			isa = PBXGroup;
			children = (
				7E0230D81DA195470011B710 /* Assets.xcassets */,
				7EA8A9871D9972EC000D6B64 /* scorekeeper_white.png */,
				7ECCE7F01D6BA46300BA1164 /* Info.plist */,
				7EA8A9831D90D79F000D6B64 /* App Icon [Squared] */,
				7ECCE7ED1D6BA46300BA1164 /* LaunchScreen.storyboard */,
			);
			name = App;
			sourceTree = "<group>";
		};
		7EA8A9861D9428A2000D6B64 /* ModelClasses */ = {
			isa = PBXGroup;
			children = (
				7E4C6BCF1D7E34C4003B0E44 /* Habit.swift */,
			);
			name = ModelClasses;
			sourceTree = "<group>";
		};
		7ECCE7D61D6BA46300BA1164 = {
			isa = PBXGroup;
			children = (
				7ECCE7E11D6BA46300BA1164 /* HabitMinder */,
				7ECCE7F81D6BA46300BA1164 /* HabitMinderTests */,
				7ECCE8031D6BA46300BA1164 /* HabitMinderUITests */,
				7ECCE7E01D6BA46300BA1164 /* Products */,
				A957B3926EF34D1CD3092A9D /* Frameworks */,
				E1DAAAD6FB667E41271DBBE1 /* Pods */,
			);
			sourceTree = "<group>";
		};
		7ECCE7E01D6BA46300BA1164 /* Products */ = {
			isa = PBXGroup;
			children = (
				7ECCE7DF1D6BA46300BA1164 /* HabitMinder.app */,
				7ECCE7F51D6BA46300BA1164 /* HabitMinder.xctest */,
				7ECCE8001D6BA46300BA1164 /* HabitMinder.xctest */,
			);
			name = Products;
			sourceTree = "<group>";
		};
		7ECCE7E11D6BA46300BA1164 /* HabitMinder */ = {
			isa = PBXGroup;
			children = (
				7ECCE7E81D6BA46300BA1164 /* Main.storyboard */,
				7ECCE7E21D6BA46300BA1164 /* AppDelegate.swift */,
				7EA8A9861D9428A2000D6B64 /* ModelClasses */,
				7E6AED231D863CEA00821C69 /* Operator */,
				7ECCE8171D73E9EE00BA1164 /* Utilities */,
				7EA8A9891D997907000D6B64 /* ScoresTableViewController.swift */,
				7ECCE7E41D6BA46300BA1164 /* MasterViewController.swift */,
				7ECCE8131D73506900BA1164 /* AddItemViewController.swift */,
				7E4C6BD11D7E47D7003B0E44 /* HabitTableViewCell.swift */,
				7ECCE8151D735A8700BA1164 /* constants.swift */,
				7EA8A9851D942852000D6B64 /* App */,
			);
			name = HabitMinder;
			path = Discipline;
			sourceTree = "<group>";
		};
		7ECCE7F81D6BA46300BA1164 /* HabitMinderTests */ = {
			isa = PBXGroup;
			children = (
				7ECCE7F91D6BA46300BA1164 /* DisciplineTests.swift */,
				7ECCE7FB1D6BA46300BA1164 /* Info.plist */,
			);
			name = HabitMinderTests;
			path = DisciplineTests;
			sourceTree = "<group>";
		};
		7ECCE8031D6BA46300BA1164 /* HabitMinderUITests */ = {
			isa = PBXGroup;
			children = (
				7ECCE8041D6BA46300BA1164 /* DisciplineUITests.swift */,
				7ECCE8061D6BA46300BA1164 /* Info.plist */,
			);
			name = HabitMinderUITests;
			path = DisciplineUITests;
			sourceTree = "<group>";
		};
		7ECCE8171D73E9EE00BA1164 /* Utilities */ = {
			isa = PBXGroup;
			children = (
				7ECCE8121D73481700BA1164 /* Notes.txt */,
				7ECCE7E61D6BA46300BA1164 /* DetailViewController.swift */,
				7ECCE8181D73EA0300BA1164 /* SPLRawJsonRetriever.swift */,
				7E26EC131D7DFE3E006BE5C6 /* HabitData.swift */,
				7E6AED1D1D85F44100821C69 /* StringFixer.swift */,
				7E6AED261D8B9F0300821C69 /* Fonter.swift */,
				7EA8A97A1D8F171E000D6B64 /* OperatorData.swift */,
			);
			name = Utilities;
			sourceTree = "<group>";
		};
		A957B3926EF34D1CD3092A9D /* Frameworks */ = {
			isa = PBXGroup;
			children = (
				7E4D09FB1DA95629006D1B8A /* Material.framework */,
				7E4D09F61DA95252006D1B8A /* Font_Awesome_Swift.framework */,
				FC96FE857F3955E94D6AC78E /* Pods_HabitMinder.framework */,
				DA4AB6B0DDB8A62D918684ED /* Pods_HabitMinderTests.framework */,
				78990B5849DE4E8625BF3A00 /* Pods_HabitMinderUITests.framework */,
			);
			name = Frameworks;
			sourceTree = "<group>";
		};
		E1DAAAD6FB667E41271DBBE1 /* Pods */ = {
			isa = PBXGroup;
			children = (
				1CDF4F69C3E79C9E7B77AD64 /* Pods-HabitMinder.debug.xcconfig */,
				19041F5784E59963920B78B1 /* Pods-HabitMinder.release.xcconfig */,
				62E238D08BE960BA723545C4 /* Pods-HabitMinderTests.debug.xcconfig */,
				CDFE49C83E0BB48D71488A6B /* Pods-HabitMinderTests.release.xcconfig */,
				B2FB58ED2B41D84626A64E09 /* Pods-HabitMinderUITests.debug.xcconfig */,
				E174AD8607418E15A2F3752A /* Pods-HabitMinderUITests.release.xcconfig */,
			);
			name = Pods;
			sourceTree = "<group>";
		};
/* End PBXGroup section */

/* Begin PBXNativeTarget section */
		7ECCE7DE1D6BA46300BA1164 /* HabitMinder */ = {
			isa = PBXNativeTarget;
			buildConfigurationList = 7ECCE8091D6BA46300BA1164 /* Build configuration list for PBXNativeTarget "HabitMinder" */;
			buildPhases = (
				BD67A43FF891D933D3EE9830 /* [CP] Check Pods Manifest.lock */,
				7ECCE7DB1D6BA46300BA1164 /* Sources */,
				7ECCE7DC1D6BA46300BA1164 /* Frameworks */,
				7ECCE7DD1D6BA46300BA1164 /* Resources */,
				7E0230D71D9C565F0011B710 /* ShellScript */,
				AD9E7D22A66F74510347BFE9 /* [CP] Embed Pods Frameworks */,
				3E0F23F2E08248B83D46D7A9 /* [CP] Copy Pods Resources */,
			);
			buildRules = (
			);
			dependencies = (
			);
			name = HabitMinder;
			productName = Discipline;
			productReference = 7ECCE7DF1D6BA46300BA1164 /* HabitMinder.app */;
			productType = "com.apple.product-type.application";
		};
		7ECCE7F41D6BA46300BA1164 /* HabitMinderTests */ = {
			isa = PBXNativeTarget;
			buildConfigurationList = 7ECCE80C1D6BA46300BA1164 /* Build configuration list for PBXNativeTarget "HabitMinderTests" */;
			buildPhases = (
				05EEE7C8F99E8F2474F923BB /* [CP] Check Pods Manifest.lock */,
				7ECCE7F11D6BA46300BA1164 /* Sources */,
				7ECCE7F21D6BA46300BA1164 /* Frameworks */,
				7ECCE7F31D6BA46300BA1164 /* Resources */,
				413F8D480AAE653B82D912D6 /* [CP] Embed Pods Frameworks */,
				24341FDB9D03F8F62FEE6E05 /* [CP] Copy Pods Resources */,
			);
			buildRules = (
			);
			dependencies = (
				7ECCE7F71D6BA46300BA1164 /* PBXTargetDependency */,
			);
			name = HabitMinderTests;
			productName = DisciplineTests;
			productReference = 7ECCE7F51D6BA46300BA1164 /* HabitMinder.xctest */;
			productType = "com.apple.product-type.bundle.unit-test";
		};
		7ECCE7FF1D6BA46300BA1164 /* HabitMinderUITests */ = {
			isa = PBXNativeTarget;
			buildConfigurationList = 7ECCE80F1D6BA46300BA1164 /* Build configuration list for PBXNativeTarget "HabitMinderUITests" */;
			buildPhases = (
				5BBA67391340A1F97644A0A2 /* [CP] Check Pods Manifest.lock */,
				7ECCE7FC1D6BA46300BA1164 /* Sources */,
				7ECCE7FD1D6BA46300BA1164 /* Frameworks */,
				7ECCE7FE1D6BA46300BA1164 /* Resources */,
				E523A36AD07278B5E707ED23 /* [CP] Copy Pods Resources */,
			);
			buildRules = (
			);
			dependencies = (
				7ECCE8021D6BA46300BA1164 /* PBXTargetDependency */,
			);
			name = HabitMinderUITests;
			productName = DisciplineUITests;
			productReference = 7ECCE8001D6BA46300BA1164 /* HabitMinder.xctest */;
			productType = "com.apple.product-type.bundle.ui-testing";
		};
/* End PBXNativeTarget section */

/* Begin PBXProject section */
		7ECCE7D71D6BA46300BA1164 /* Project object */ = {
			isa = PBXProject;
			attributes = {
				LastSwiftUpdateCheck = 0730;
				LastUpgradeCheck = 0730;
				ORGANIZATIONNAME = Shannon;
				TargetAttributes = {
					7ECCE7DE1D6BA46300BA1164 = {
						CreatedOnToolsVersion = 7.3.1;
						DevelopmentTeam = Q3YWELPZJ9;
						LastSwiftMigration = 0800;
					};
					7ECCE7F41D6BA46300BA1164 = {
						CreatedOnToolsVersion = 7.3.1;
						TestTargetID = 7ECCE7DE1D6BA46300BA1164;
					};
					7ECCE7FF1D6BA46300BA1164 = {
						CreatedOnToolsVersion = 7.3.1;
						TestTargetID = 7ECCE7DE1D6BA46300BA1164;
					};
				};
			};
			buildConfigurationList = 7ECCE7DA1D6BA46300BA1164 /* Build configuration list for PBXProject "HabitMinder" */;
			compatibilityVersion = "Xcode 3.2";
			developmentRegion = English;
			hasScannedForEncodings = 0;
			knownRegions = (
				en,
				Base,
			);
			mainGroup = 7ECCE7D61D6BA46300BA1164;
			productRefGroup = 7ECCE7E01D6BA46300BA1164 /* Products */;
			projectDirPath = "";
			projectRoot = "";
			targets = (
				7ECCE7DE1D6BA46300BA1164 /* HabitMinder */,
				7ECCE7F41D6BA46300BA1164 /* HabitMinderTests */,
				7ECCE7FF1D6BA46300BA1164 /* HabitMinderUITests */,
			);
		};
/* End PBXProject section */

/* Begin PBXResourcesBuildPhase section */
		7ECCE7DD1D6BA46300BA1164 /* Resources */ = {
			isa = PBXResourcesBuildPhase;
			buildActionMask = 2147483647;
			files = (
				7ECCE7EF1D6BA46300BA1164 /* LaunchScreen.storyboard in Resources */,
				7EA8A9881D9972EC000D6B64 /* scorekeeper_white.png in Resources */,
				7EA8A9841D90D79F000D6B64 /* App Icon [Squared] in Resources */,
				7ECCE7EA1D6BA46300BA1164 /* Main.storyboard in Resources */,
				7E0230D91DA195470011B710 /* Assets.xcassets in Resources */,
			);
			runOnlyForDeploymentPostprocessing = 0;
		};
		7ECCE7F31D6BA46300BA1164 /* Resources */ = {
			isa = PBXResourcesBuildPhase;
			buildActionMask = 2147483647;
			files = (
			);
			runOnlyForDeploymentPostprocessing = 0;
		};
		7ECCE7FE1D6BA46300BA1164 /* Resources */ = {
			isa = PBXResourcesBuildPhase;
			buildActionMask = 2147483647;
			files = (
			);
			runOnlyForDeploymentPostprocessing = 0;
		};
/* End PBXResourcesBuildPhase section */

/* Begin PBXShellScriptBuildPhase section */
		05EEE7C8F99E8F2474F923BB /* [CP] Check Pods Manifest.lock */ = {
			isa = PBXShellScriptBuildPhase;
			buildActionMask = 2147483647;
			files = (
			);
			inputPaths = (
			);
			name = "[CP] Check Pods Manifest.lock";
			outputPaths = (
			);
			runOnlyForDeploymentPostprocessing = 0;
			shellPath = /bin/sh;
			shellScript = "diff \"${PODS_ROOT}/../Podfile.lock\" \"${PODS_ROOT}/Manifest.lock\" > /dev/null\nif [[ $? != 0 ]] ; then\n    cat << EOM\nerror: The sandbox is not in sync with the Podfile.lock. Run 'pod install' or update your CocoaPods installation.\nEOM\n    exit 1\nfi\n";
			showEnvVarsInLog = 0;
		};
		24341FDB9D03F8F62FEE6E05 /* [CP] Copy Pods Resources */ = {
			isa = PBXShellScriptBuildPhase;
			buildActionMask = 2147483647;
			files = (
			);
			inputPaths = (
			);
			name = "[CP] Copy Pods Resources";
			outputPaths = (
			);
			runOnlyForDeploymentPostprocessing = 0;
			shellPath = /bin/sh;
			shellScript = "\"${SRCROOT}/Pods/Target Support Files/Pods-HabitMinderTests/Pods-HabitMinderTests-resources.sh\"\n";
			showEnvVarsInLog = 0;
		};
		3E0F23F2E08248B83D46D7A9 /* [CP] Copy Pods Resources */ = {
			isa = PBXShellScriptBuildPhase;
			buildActionMask = 2147483647;
			files = (
			);
			inputPaths = (
			);
			name = "[CP] Copy Pods Resources";
			outputPaths = (
			);
			runOnlyForDeploymentPostprocessing = 0;
			shellPath = /bin/sh;
			shellScript = "\"${SRCROOT}/Pods/Target Support Files/Pods-HabitMinder/Pods-HabitMinder-resources.sh\"\n";
			showEnvVarsInLog = 0;
		};
		413F8D480AAE653B82D912D6 /* [CP] Embed Pods Frameworks */ = {
			isa = PBXShellScriptBuildPhase;
			buildActionMask = 2147483647;
			files = (
			);
			inputPaths = (
			);
			name = "[CP] Embed Pods Frameworks";
			outputPaths = (
			);
			runOnlyForDeploymentPostprocessing = 0;
			shellPath = /bin/sh;
			shellScript = "\"${SRCROOT}/Pods/Target Support Files/Pods-HabitMinderTests/Pods-HabitMinderTests-frameworks.sh\"\n";
			showEnvVarsInLog = 0;
		};
		5BBA67391340A1F97644A0A2 /* [CP] Check Pods Manifest.lock */ = {
			isa = PBXShellScriptBuildPhase;
			buildActionMask = 2147483647;
			files = (
			);
			inputPaths = (
			);
			name = "[CP] Check Pods Manifest.lock";
			outputPaths = (
			);
			runOnlyForDeploymentPostprocessing = 0;
			shellPath = /bin/sh;
			shellScript = "diff \"${PODS_ROOT}/../Podfile.lock\" \"${PODS_ROOT}/Manifest.lock\" > /dev/null\nif [[ $? != 0 ]] ; then\n    cat << EOM\nerror: The sandbox is not in sync with the Podfile.lock. Run 'pod install' or update your CocoaPods installation.\nEOM\n    exit 1\nfi\n";
			showEnvVarsInLog = 0;
		};
		7E0230D71D9C565F0011B710 /* ShellScript */ = {
			isa = PBXShellScriptBuildPhase;
			buildActionMask = 2147483647;
			files = (
			);
			inputPaths = (
			);
			outputPaths = (
			);
			runOnlyForDeploymentPostprocessing = 0;
			shellPath = /bin/sh;
			shellScript = "\"${PODS_ROOT}/Fabric/run\" 153a2bd51d9db0875acf610551d90cb90b0d6dfe 7ea5cced5c469f1a1bb78fcfd0c9be177143f7f51c7813f3d9670665b2898885";
		};
		AD9E7D22A66F74510347BFE9 /* [CP] Embed Pods Frameworks */ = {
			isa = PBXShellScriptBuildPhase;
			buildActionMask = 2147483647;
			files = (
			);
			inputPaths = (
			);
			name = "[CP] Embed Pods Frameworks";
			outputPaths = (
			);
			runOnlyForDeploymentPostprocessing = 0;
			shellPath = /bin/sh;
			shellScript = "\"${SRCROOT}/Pods/Target Support Files/Pods-HabitMinder/Pods-HabitMinder-frameworks.sh\"\n";
			showEnvVarsInLog = 0;
		};
		BD67A43FF891D933D3EE9830 /* [CP] Check Pods Manifest.lock */ = {
			isa = PBXShellScriptBuildPhase;
			buildActionMask = 2147483647;
			files = (
			);
			inputPaths = (
			);
			name = "[CP] Check Pods Manifest.lock";
			outputPaths = (
			);
			runOnlyForDeploymentPostprocessing = 0;
			shellPath = /bin/sh;
			shellScript = "diff \"${PODS_ROOT}/../Podfile.lock\" \"${PODS_ROOT}/Manifest.lock\" > /dev/null\nif [[ $? != 0 ]] ; then\n    cat << EOM\nerror: The sandbox is not in sync with the Podfile.lock. Run 'pod install' or update your CocoaPods installation.\nEOM\n    exit 1\nfi\n";
			showEnvVarsInLog = 0;
		};
		E523A36AD07278B5E707ED23 /* [CP] Copy Pods Resources */ = {
			isa = PBXShellScriptBuildPhase;
			buildActionMask = 2147483647;
			files = (
			);
			inputPaths = (
			);
			name = "[CP] Copy Pods Resources";
			outputPaths = (
			);
			runOnlyForDeploymentPostprocessing = 0;
			shellPath = /bin/sh;
			shellScript = "\"${SRCROOT}/Pods/Target Support Files/Pods-HabitMinderUITests/Pods-HabitMinderUITests-resources.sh\"\n";
			showEnvVarsInLog = 0;
		};
/* End PBXShellScriptBuildPhase section */

/* Begin PBXSourcesBuildPhase section */
		7ECCE7DB1D6BA46300BA1164 /* Sources */ = {
			isa = PBXSourcesBuildPhase;
			buildActionMask = 2147483647;
			files = (
				7EA8A98A1D997907000D6B64 /* ScoresTableViewController.swift in Sources */,
				7ECCE7E71D6BA46300BA1164 /* DetailViewController.swift in Sources */,
				7E6AED1C1D84E89600821C69 /* HabitOperatorViewController.swift in Sources */,
				7ECCE8141D73506900BA1164 /* AddItemViewController.swift in Sources */,
				7E6AED271D8B9F0300821C69 /* Fonter.swift in Sources */,
				7E4C6BD31D7E47D7003B0E44 /* HabitTableViewCell.swift in Sources */,
				7E26EC141D7DFE3E006BE5C6 /* HabitData.swift in Sources */,
				7ECCE7E51D6BA46300BA1164 /* MasterViewController.swift in Sources */,
				7ECCE8191D73EA0300BA1164 /* SPLRawJsonRetriever.swift in Sources */,
				7ECCE8161D735A8700BA1164 /* constants.swift in Sources */,
				7E4C6BD01D7E34C4003B0E44 /* Habit.swift in Sources */,
				7E6AED1E1D85F44100821C69 /* StringFixer.swift in Sources */,
				7EA8A97B1D8F171E000D6B64 /* OperatorData.swift in Sources */,
				7ECCE7E31D6BA46300BA1164 /* AppDelegate.swift in Sources */,
				7E6AED221D85FCDB00821C69 /* AddOperatorViewController.swift in Sources */,
			);
			runOnlyForDeploymentPostprocessing = 0;
		};
		7ECCE7F11D6BA46300BA1164 /* Sources */ = {
			isa = PBXSourcesBuildPhase;
			buildActionMask = 2147483647;
			files = (
				7ECCE7FA1D6BA46300BA1164 /* DisciplineTests.swift in Sources */,
			);
			runOnlyForDeploymentPostprocessing = 0;
		};
		7ECCE7FC1D6BA46300BA1164 /* Sources */ = {
			isa = PBXSourcesBuildPhase;
			buildActionMask = 2147483647;
			files = (
				7ECCE8051D6BA46300BA1164 /* DisciplineUITests.swift in Sources */,
			);
			runOnlyForDeploymentPostprocessing = 0;
		};
/* End PBXSourcesBuildPhase section */

/* Begin PBXTargetDependency section */
		7ECCE7F71D6BA46300BA1164 /* PBXTargetDependency */ = {
			isa = PBXTargetDependency;
			target = 7ECCE7DE1D6BA46300BA1164 /* HabitMinder */;
			targetProxy = 7ECCE7F61D6BA46300BA1164 /* PBXContainerItemProxy */;
		};
		7ECCE8021D6BA46300BA1164 /* PBXTargetDependency */ = {
			isa = PBXTargetDependency;
			target = 7ECCE7DE1D6BA46300BA1164 /* HabitMinder */;
			targetProxy = 7ECCE8011D6BA46300BA1164 /* PBXContainerItemProxy */;
		};
/* End PBXTargetDependency section */

/* Begin PBXVariantGroup section */
		7ECCE7E81D6BA46300BA1164 /* Main.storyboard */ = {
			isa = PBXVariantGroup;
			children = (
				7ECCE7E91D6BA46300BA1164 /* Base */,
			);
			name = Main.storyboard;
			sourceTree = "<group>";
		};
		7ECCE7ED1D6BA46300BA1164 /* LaunchScreen.storyboard */ = {
			isa = PBXVariantGroup;
			children = (
				7ECCE7EE1D6BA46300BA1164 /* Base */,
			);
			name = LaunchScreen.storyboard;
			sourceTree = "<group>";
		};
/* End PBXVariantGroup section */

/* Begin XCBuildConfiguration section */
		7ECCE8071D6BA46300BA1164 /* Debug */ = {
			isa = XCBuildConfiguration;
			buildSettings = {
				ALWAYS_SEARCH_USER_PATHS = NO;
				CLANG_ANALYZER_NONNULL = YES;
				CLANG_CXX_LANGUAGE_STANDARD = "gnu++0x";
				CLANG_CXX_LIBRARY = "libc++";
				CLANG_ENABLE_MODULES = YES;
				CLANG_ENABLE_OBJC_ARC = YES;
				CLANG_WARN_BOOL_CONVERSION = YES;
				CLANG_WARN_CONSTANT_CONVERSION = YES;
				CLANG_WARN_DIRECT_OBJC_ISA_USAGE = YES_ERROR;
				CLANG_WARN_EMPTY_BODY = YES;
				CLANG_WARN_ENUM_CONVERSION = YES;
				CLANG_WARN_INT_CONVERSION = YES;
				CLANG_WARN_OBJC_ROOT_CLASS = YES_ERROR;
				CLANG_WARN_UNREACHABLE_CODE = YES;
				CLANG_WARN__DUPLICATE_METHOD_MATCH = YES;
				"CODE_SIGN_IDENTITY[sdk=iphoneos*]" = "iPhone Developer";
				COPY_PHASE_STRIP = NO;
				DEBUG_INFORMATION_FORMAT = dwarf;
				ENABLE_STRICT_OBJC_MSGSEND = YES;
				ENABLE_TESTABILITY = YES;
				GCC_C_LANGUAGE_STANDARD = gnu99;
				GCC_DYNAMIC_NO_PIC = NO;
				GCC_NO_COMMON_BLOCKS = YES;
				GCC_OPTIMIZATION_LEVEL = 0;
				GCC_PREPROCESSOR_DEFINITIONS = (
					"DEBUG=1",
					"$(inherited)",
				);
				GCC_WARN_64_TO_32_BIT_CONVERSION = YES;
				GCC_WARN_ABOUT_RETURN_TYPE = YES_ERROR;
				GCC_WARN_UNDECLARED_SELECTOR = YES;
				GCC_WARN_UNINITIALIZED_AUTOS = YES_AGGRESSIVE;
				GCC_WARN_UNUSED_FUNCTION = YES;
				GCC_WARN_UNUSED_VARIABLE = YES;
				IPHONEOS_DEPLOYMENT_TARGET = 9.3;
				MTL_ENABLE_DEBUG_INFO = YES;
				ONLY_ACTIVE_ARCH = YES;
				SDKROOT = iphoneos;
				SWIFT_OPTIMIZATION_LEVEL = "-Onone";
			};
			name = Debug;
		};
		7ECCE8081D6BA46300BA1164 /* Release */ = {
			isa = XCBuildConfiguration;
			buildSettings = {
				ALWAYS_SEARCH_USER_PATHS = NO;
				CLANG_ANALYZER_NONNULL = YES;
				CLANG_CXX_LANGUAGE_STANDARD = "gnu++0x";
				CLANG_CXX_LIBRARY = "libc++";
				CLANG_ENABLE_MODULES = YES;
				CLANG_ENABLE_OBJC_ARC = YES;
				CLANG_WARN_BOOL_CONVERSION = YES;
				CLANG_WARN_CONSTANT_CONVERSION = YES;
				CLANG_WARN_DIRECT_OBJC_ISA_USAGE = YES_ERROR;
				CLANG_WARN_EMPTY_BODY = YES;
				CLANG_WARN_ENUM_CONVERSION = YES;
				CLANG_WARN_INT_CONVERSION = YES;
				CLANG_WARN_OBJC_ROOT_CLASS = YES_ERROR;
				CLANG_WARN_UNREACHABLE_CODE = YES;
				CLANG_WARN__DUPLICATE_METHOD_MATCH = YES;
				"CODE_SIGN_IDENTITY[sdk=iphoneos*]" = "iPhone Developer";
				COPY_PHASE_STRIP = NO;
				DEBUG_INFORMATION_FORMAT = "dwarf-with-dsym";
				ENABLE_NS_ASSERTIONS = NO;
				ENABLE_STRICT_OBJC_MSGSEND = YES;
				GCC_C_LANGUAGE_STANDARD = gnu99;
				GCC_NO_COMMON_BLOCKS = YES;
				GCC_WARN_64_TO_32_BIT_CONVERSION = YES;
				GCC_WARN_ABOUT_RETURN_TYPE = YES_ERROR;
				GCC_WARN_UNDECLARED_SELECTOR = YES;
				GCC_WARN_UNINITIALIZED_AUTOS = YES_AGGRESSIVE;
				GCC_WARN_UNUSED_FUNCTION = YES;
				GCC_WARN_UNUSED_VARIABLE = YES;
				IPHONEOS_DEPLOYMENT_TARGET = 9.3;
				MTL_ENABLE_DEBUG_INFO = NO;
				SDKROOT = iphoneos;
				VALIDATE_PRODUCT = YES;
			};
			name = Release;
		};
		7ECCE80A1D6BA46300BA1164 /* Debug */ = {
			isa = XCBuildConfiguration;
			baseConfigurationReference = 1CDF4F69C3E79C9E7B77AD64 /* Pods-HabitMinder.debug.xcconfig */;
			buildSettings = {
				ASSETCATALOG_COMPILER_APPICON_NAME = AppIcon;
				CODE_SIGN_IDENTITY = "iPhone Developer";
				"CODE_SIGN_IDENTITY[sdk=iphoneos*]" = "iPhone Developer";
				ENABLE_BITCODE = NO;
				INFOPLIST_FILE = Discipline/Info.plist;
				IPHONEOS_DEPLOYMENT_TARGET = 9.3;
				LD_RUNPATH_SEARCH_PATHS = "$(inherited) @executable_path/Frameworks";
				PRODUCT_BUNDLE_IDENTIFIER = com.shannonlayden.HabitMinder;
				PRODUCT_NAME = HabitMinder;
				PROVISIONING_PROFILE = "";
				SWIFT_VERSION = 3.0;
				TARGETED_DEVICE_FAMILY = 1;
			};
			name = Debug;
		};
		7ECCE80B1D6BA46300BA1164 /* Release */ = {
			isa = XCBuildConfiguration;
			baseConfigurationReference = 19041F5784E59963920B78B1 /* Pods-HabitMinder.release.xcconfig */;
			buildSettings = {
				ASSETCATALOG_COMPILER_APPICON_NAME = AppIcon;
				CODE_SIGN_IDENTITY = "iPhone Developer";
				"CODE_SIGN_IDENTITY[sdk=iphoneos*]" = "iPhone Developer";
				ENABLE_BITCODE = NO;
				INFOPLIST_FILE = Discipline/Info.plist;
				IPHONEOS_DEPLOYMENT_TARGET = 9.3;
				LD_RUNPATH_SEARCH_PATHS = "$(inherited) @executable_path/Frameworks";
				PRODUCT_BUNDLE_IDENTIFIER = com.shannonlayden.HabitMinder;
				PRODUCT_NAME = HabitMinder;
				PROVISIONING_PROFILE = "";
				SWIFT_VERSION = 3.0;
				TARGETED_DEVICE_FAMILY = 1;
			};
			name = Release;
		};
		7ECCE80D1D6BA46300BA1164 /* Debug */ = {
			isa = XCBuildConfiguration;
			baseConfigurationReference = 62E238D08BE960BA723545C4 /* Pods-HabitMinderTests.debug.xcconfig */;
			buildSettings = {
				BUNDLE_LOADER = "$(TEST_HOST)";
				INFOPLIST_FILE = DisciplineTests/Info.plist;
				LD_RUNPATH_SEARCH_PATHS = "$(inherited) @executable_path/Frameworks @loader_path/Frameworks";
				PRODUCT_BUNDLE_IDENTIFIER = com.shannonlayden.DisciplineTests;
				PRODUCT_NAME = HabitMinder;
				TEST_HOST = "$(BUILT_PRODUCTS_DIR)/HabitMinder.app/HabitMinder";
			};
			name = Debug;
		};
		7ECCE80E1D6BA46300BA1164 /* Release */ = {
			isa = XCBuildConfiguration;
			baseConfigurationReference = CDFE49C83E0BB48D71488A6B /* Pods-HabitMinderTests.release.xcconfig */;
			buildSettings = {
				BUNDLE_LOADER = "$(TEST_HOST)";
				INFOPLIST_FILE = DisciplineTests/Info.plist;
				LD_RUNPATH_SEARCH_PATHS = "$(inherited) @executable_path/Frameworks @loader_path/Frameworks";
				PRODUCT_BUNDLE_IDENTIFIER = com.shannonlayden.DisciplineTests;
				PRODUCT_NAME = HabitMinder;
				TEST_HOST = "$(BUILT_PRODUCTS_DIR)/HabitMinder.app/HabitMinder";
			};
			name = Release;
		};
		7ECCE8101D6BA46300BA1164 /* Debug */ = {
			isa = XCBuildConfiguration;
			baseConfigurationReference = B2FB58ED2B41D84626A64E09 /* Pods-HabitMinderUITests.debug.xcconfig */;
			buildSettings = {
				INFOPLIST_FILE = DisciplineUITests/Info.plist;
				LD_RUNPATH_SEARCH_PATHS = "$(inherited) @executable_path/Frameworks @loader_path/Frameworks";
				PRODUCT_BUNDLE_IDENTIFIER = com.shannonlayden.DisciplineUITests;
				PRODUCT_NAME = HabitMinder;
				TEST_TARGET_NAME = Discipline;
			};
			name = Debug;
		};
		7ECCE8111D6BA46300BA1164 /* Release */ = {
			isa = XCBuildConfiguration;
			baseConfigurationReference = E174AD8607418E15A2F3752A /* Pods-HabitMinderUITests.release.xcconfig */;
			buildSettings = {
				INFOPLIST_FILE = DisciplineUITests/Info.plist;
				LD_RUNPATH_SEARCH_PATHS = "$(inherited) @executable_path/Frameworks @loader_path/Frameworks";
				PRODUCT_BUNDLE_IDENTIFIER = com.shannonlayden.DisciplineUITests;
				PRODUCT_NAME = HabitMinder;
				TEST_TARGET_NAME = Discipline;
			};
			name = Release;
		};
/* End XCBuildConfiguration section */

/* Begin XCConfigurationList section */
		7ECCE7DA1D6BA46300BA1164 /* Build configuration list for PBXProject "HabitMinder" */ = {
			isa = XCConfigurationList;
			buildConfigurations = (
				7ECCE8071D6BA46300BA1164 /* Debug */,
				7ECCE8081D6BA46300BA1164 /* Release */,
			);
			defaultConfigurationIsVisible = 0;
			defaultConfigurationName = Release;
		};
		7ECCE8091D6BA46300BA1164 /* Build configuration list for PBXNativeTarget "HabitMinder" */ = {
			isa = XCConfigurationList;
			buildConfigurations = (
				7ECCE80A1D6BA46300BA1164 /* Debug */,
				7ECCE80B1D6BA46300BA1164 /* Release */,
			);
			defaultConfigurationIsVisible = 0;
			defaultConfigurationName = Release;
		};
		7ECCE80C1D6BA46300BA1164 /* Build configuration list for PBXNativeTarget "HabitMinderTests" */ = {
			isa = XCConfigurationList;
			buildConfigurations = (
				7ECCE80D1D6BA46300BA1164 /* Debug */,
				7ECCE80E1D6BA46300BA1164 /* Release */,
			);
			defaultConfigurationIsVisible = 0;
			defaultConfigurationName = Release;
		};
		7ECCE80F1D6BA46300BA1164 /* Build configuration list for PBXNativeTarget "HabitMinderUITests" */ = {
			isa = XCConfigurationList;
			buildConfigurations = (
				7ECCE8101D6BA46300BA1164 /* Debug */,
				7ECCE8111D6BA46300BA1164 /* Release */,
			);
			defaultConfigurationIsVisible = 0;
			defaultConfigurationName = Release;
		};
/* End XCConfigurationList section */
	};
	rootObject = 7ECCE7D71D6BA46300BA1164 /* Project object */;
}
